
Microsoft Visual Studio Solution File, Format Version 12.00
# Visual Studio Version 17
VisualStudioVersion = 17.2.32602.215
MinimumVisualStudioVersion = 10.0.40219.1
Project("{FAE04EC0-301F-11D3-BF4B-00C04F79EFBC}") = "AdsClient", "AdsClient\AdsClient.csproj", "{C7602A9F-5A21-44F4-BD3C-7287A506AAD3}"
EndProject
Global
	GlobalSection(SolutionConfigurationPlatforms) = preSolution
		Debug|Any CPU = Debug|Any CPU
		Release|Any CPU = Release|Any CPU
	EndGlobalSection
	GlobalSection(ProjectConfigurationPlatforms) = postSolution
		{C7602A9F-5A21-44F4-BD3C-7287A506AAD3}.Debug|Any CPU.ActiveCfg = Debug|Any CPU
		{C7602A9F-5A21-44F4-BD3C-7287A506AAD3}.Debug|Any CPU.Build.0 = Debug|Any CPU
		{C7602A9F-5A21-44F4-BD3C-7287A506AAD3}.Release|Any CPU.ActiveCfg = Release|Any CPU
		{C7602A9F-5A21-44F4-BD3C-7287A506AAD3}.Release|Any CPU.Build.0 = Release|Any CPU
	EndGlobalSection
	GlobalSection(SolutionProperties) = preSolution
		HideSolutionNode = FALSE
	EndGlobalSection
	GlobalSection(ExtensibilityGlobals) = postSolution
		SolutionGuid = {8A8CF3DB-B3B2-4E71-94F5-8312B85EB01D}
	EndGlobalSection
EndGlobal
